
Microsoft Visual Studio Solution File, Format Version 12.00
# Visual Studio Version 17
VisualStudioVersion = 17.0.31903.59
MinimumVisualStudioVersion = 10.0.40219.1
Project("{2150E333-8FDC-42A3-9474-1A3956D46DE8}") = "backend", "backend", "{1AE8ACA6-933B-BF2A-3671-3E2EAC007D16}"
EndProject
Project("{FAE04EC0-301F-11D3-BF4B-00C04F79EFBC}") = "Laternenwacht.Core", "backend\src\Laternenwacht.Core\Laternenwacht.Core.csproj", "{AD926A95-99D0-4057-901E-D18305452FD2}"
EndProject
Project("{FAE04EC0-301F-11D3-BF4B-00C04F79EFBC}") = "Laternenwacht.Platform.Windows", "backend\src\Laternenwacht.Platform.Windows\Laternenwacht.Platform.Windows.csproj", "{B88D9587-AE59-4EA4-994D-932F302372C2}"
EndProject
Project("{FAE04EC0-301F-11D3-BF4B-00C04F79EFBC}") = "Laternenwacht.Core.Tests", "backend\tests\Laternenwacht.Core.Tests\Laternenwacht.Core.Tests.csproj", "{B7E37D90-5F5F-41F9-9834-13787342E04D}"
EndProject
Project("{2150E333-8FDC-42A3-9474-1A3956D46DE8}") = "frontend", "frontend", "{CE609670-85B9-0D16-FB54-ED063D5D8A6D}"
EndProject
Project("{FAE04EC0-301F-11D3-BF4B-00C04F79EFBC}") = "Laternenwacht.App", "frontend\Laternenwacht.App\Laternenwacht.App.csproj", "{854DA084-4D44-42E5-8D82-1C1620A501EF}"
EndProject
Global
	GlobalSection(SolutionConfigurationPlatforms) = preSolution
		Debug|Any CPU = Debug|Any CPU
		Debug|x64 = Debug|x64
		Debug|x86 = Debug|x86
		Release|Any CPU = Release|Any CPU
		Release|x64 = Release|x64
		Release|x86 = Release|x86
	EndGlobalSection
	GlobalSection(ProjectConfigurationPlatforms) = postSolution
		{AD926A95-99D0-4057-901E-D18305452FD2}.Debug|Any CPU.ActiveCfg = Debug|Any CPU
		{AD926A95-99D0-4057-901E-D18305452FD2}.Debug|Any CPU.Build.0 = Debug|Any CPU
		{AD926A95-99D0-4057-901E-D18305452FD2}.Debug|x64.ActiveCfg = Debug|Any CPU
		{AD926A95-99D0-4057-901E-D18305452FD2}.Debug|x64.Build.0 = Debug|Any CPU
		{AD926A95-99D0-4057-901E-D18305452FD2}.Debug|x86.ActiveCfg = Debug|Any CPU
		{AD926A95-99D0-4057-901E-D18305452FD2}.Debug|x86.Build.0 = Debug|Any CPU
		{AD926A95-99D0-4057-901E-D18305452FD2}.Release|Any CPU.ActiveCfg = Release|Any CPU
		{AD926A95-99D0-4057-901E-D18305452FD2}.Release|Any CPU.Build.0 = Release|Any CPU
		{AD926A95-99D0-4057-901E-D18305452FD2}.Release|x64.ActiveCfg = Release|Any CPU
		{AD926A95-99D0-4057-901E-D18305452FD2}.Release|x64.Build.0 = Release|Any CPU
		{AD926A95-99D0-4057-901E-D18305452FD2}.Release|x86.ActiveCfg = Release|Any CPU
		{AD926A95-99D0-4057-901E-D18305452FD2}.Release|x86.Build.0 = Release|Any CPU
		{B88D9587-AE59-4EA4-994D-932F302372C2}.Debug|Any CPU.ActiveCfg = Debug|Any CPU
		{B88D9587-AE59-4EA4-994D-932F302372C2}.Debug|Any CPU.Build.0 = Debug|Any CPU
		{B88D9587-AE59-4EA4-994D-932F302372C2}.Debug|x64.ActiveCfg = Debug|Any CPU
		{B88D9587-AE59-4EA4-994D-932F302372C2}.Debug|x64.Build.0 = Debug|Any CPU
		{B88D9587-AE59-4EA4-994D-932F302372C2}.Debug|x86.ActiveCfg = Debug|Any CPU
		{B88D9587-AE59-4EA4-994D-932F302372C2}.Debug|x86.Build.0 = Debug|Any CPU
		{B88D9587-AE59-4EA4-994D-932F302372C2}.Release|Any CPU.ActiveCfg = Release|Any CPU
		{B88D9587-AE59-4EA4-994D-932F302372C2}.Release|Any CPU.Build.0 = Release|Any CPU
		{B88D9587-AE59-4EA4-994D-932F302372C2}.Release|x64.ActiveCfg = Release|Any CPU
		{B88D9587-AE59-4EA4-994D-932F302372C2}.Release|x64.Build.0 = Release|Any CPU
		{B88D9587-AE59-4EA4-994D-932F302372C2}.Release|x86.ActiveCfg = Release|Any CPU
		{B88D9587-AE59-4EA4-994D-932F302372C2}.Release|x86.Build.0 = Release|Any CPU
		{B7E37D90-5F5F-41F9-9834-13787342E04D}.Debug|Any CPU.ActiveCfg = Debug|Any CPU
		{B7E37D90-5F5F-41F9-9834-13787342E04D}.Debug|Any CPU.Build.0 = Debug|Any CPU
		{B7E37D90-5F5F-41F9-9834-13787342E04D}.Debug|x64.ActiveCfg = Debug|Any CPU
		{B7E37D90-5F5F-41F9-9834-13787342E04D}.Debug|x64.Build.0 = Debug|Any CPU
		{B7E37D90-5F5F-41F9-9834-13787342E04D}.Debug|x86.ActiveCfg = Debug|Any CPU
		{B7E37D90-5F5F-41F9-9834-13787342E04D}.Debug|x86.Build.0 = Debug|Any CPU
		{B7E37D90-5F5F-41F9-9834-13787342E04D}.Release|Any CPU.ActiveCfg = Release|Any CPU
		{B7E37D90-5F5F-41F9-9834-13787342E04D}.Release|Any CPU.Build.0 = Release|Any CPU
		{B7E37D90-5F5F-41F9-9834-13787342E04D}.Release|x64.ActiveCfg = Release|Any CPU
		{B7E37D90-5F5F-41F9-9834-13787342E04D}.Release|x64.Build.0 = Release|Any CPU
		{B7E37D90-5F5F-41F9-9834-13787342E04D}.Release|x86.ActiveCfg = Release|Any CPU
		{B7E37D90-5F5F-41F9-9834-13787342E04D}.Release|x86.Build.0 = Release|Any CPU
		{854DA084-4D44-42E5-8D82-1C1620A501EF}.Debug|Any CPU.ActiveCfg = Debug|Any CPU
		{854DA084-4D44-42E5-8D82-1C1620A501EF}.Debug|Any CPU.Build.0 = Debug|Any CPU
		{854DA084-4D44-42E5-8D82-1C1620A501EF}.Debug|x64.ActiveCfg = Debug|Any CPU
		{854DA084-4D44-42E5-8D82-1C1620A501EF}.Debug|x64.Build.0 = Debug|Any CPU
		{854DA084-4D44-42E5-8D82-1C1620A501EF}.Debug|x86.ActiveCfg = Debug|Any CPU
		{854DA084-4D44-42E5-8D82-1C1620A501EF}.Debug|x86.Build.0 = Debug|Any CPU
		{854DA084-4D44-42E5-8D82-1C1620A501EF}.Release|Any CPU.ActiveCfg = Release|Any CPU
		{854DA084-4D44-42E5-8D82-1C1620A501EF}.Release|Any CPU.Build.0 = Release|Any CPU
		{854DA084-4D44-42E5-8D82-1C1620A501EF}.Release|x64.ActiveCfg = Release|Any CPU
		{854DA084-4D44-42E5-8D82-1C1620A501EF}.Release|x64.Build.0 = Release|Any CPU
		{854DA084-4D44-42E5-8D82-1C1620A501EF}.Release|x86.ActiveCfg = Release|Any CPU
		{854DA084-4D44-42E5-8D82-1C1620A501EF}.Release|x86.Build.0 = Release|Any CPU
	EndGlobalSection
	GlobalSection(SolutionProperties) = preSolution
		HideSolutionNode = FALSE
	EndGlobalSection
	GlobalSection(NestedProjects) = preSolution
		{AD926A95-99D0-4057-901E-D18305452FD2} = {1AE8ACA6-933B-BF2A-3671-3E2EAC007D16}
		{B88D9587-AE59-4EA4-994D-932F302372C2} = {1AE8ACA6-933B-BF2A-3671-3E2EAC007D16}
		{B7E37D90-5F5F-41F9-9834-13787342E04D} = {1AE8ACA6-933B-BF2A-3671-3E2EAC007D16}
		{854DA084-4D44-42E5-8D82-1C1620A501EF} = {CE609670-85B9-0D16-FB54-ED063D5D8A6D}
	EndGlobalSection
EndGlobal
