
Microsoft Visual Studio Solution File, Format Version 12.00
# Visual Studio Version 17
VisualStudioVersion = 17.0.31903.59
MinimumVisualStudioVersion = 10.0.40219.1
Project("{2150E333-8FDC-42A3-9474-1A3956D46DE8}") = "src", "src", "{827E0CD3-B72D-47B6-A68D-7590B98EB39B}"
EndProject
Project("{FAE04EC0-301F-11D3-BF4B-00C04F79EFBC}") = "Laternenwacht.Core", "src\Laternenwacht.Core\Laternenwacht.Core.csproj", "{6950AD9C-01C4-444C-AF0C-400C8856B138}"
EndProject
Project("{FAE04EC0-301F-11D3-BF4B-00C04F79EFBC}") = "Laternenwacht.Platform.Windows", "src\Laternenwacht.Platform.Windows\Laternenwacht.Platform.Windows.csproj", "{0B819979-C2BE-48AF-BEA1-2482F3049582}"
EndProject
Project("{2150E333-8FDC-42A3-9474-1A3956D46DE8}") = "tests", "tests", "{0AB3BF05-4346-4AA6-1389-037BE0695223}"
EndProject
Project("{FAE04EC0-301F-11D3-BF4B-00C04F79EFBC}") = "Laternenwacht.Core.Tests", "tests\Laternenwacht.Core.Tests\Laternenwacht.Core.Tests.csproj", "{4268153D-7C5E-4374-A44C-EC8CC83B7A4B}"
EndProject
Global
	GlobalSection(SolutionConfigurationPlatforms) = preSolution
		Debug|Any CPU = Debug|Any CPU
		Debug|x64 = Debug|x64
		Debug|x86 = Debug|x86
		Release|Any CPU = Release|Any CPU
		Release|x64 = Release|x64
		Release|x86 = Release|x86
	EndGlobalSection
	GlobalSection(ProjectConfigurationPlatforms) = postSolution
		{6950AD9C-01C4-444C-AF0C-400C8856B138}.Debug|Any CPU.ActiveCfg = Debug|Any CPU
		{6950AD9C-01C4-444C-AF0C-400C8856B138}.Debug|Any CPU.Build.0 = Debug|Any CPU
		{6950AD9C-01C4-444C-AF0C-400C8856B138}.Debug|x64.ActiveCfg = Debug|Any CPU
		{6950AD9C-01C4-444C-AF0C-400C8856B138}.Debug|x64.Build.0 = Debug|Any CPU
		{6950AD9C-01C4-444C-AF0C-400C8856B138}.Debug|x86.ActiveCfg = Debug|Any CPU
		{6950AD9C-01C4-444C-AF0C-400C8856B138}.Debug|x86.Build.0 = Debug|Any CPU
		{6950AD9C-01C4-444C-AF0C-400C8856B138}.Release|Any CPU.ActiveCfg = Release|Any CPU
		{6950AD9C-01C4-444C-AF0C-400C8856B138}.Release|Any CPU.Build.0 = Release|Any CPU
		{6950AD9C-01C4-444C-AF0C-400C8856B138}.Release|x64.ActiveCfg = Release|Any CPU
		{6950AD9C-01C4-444C-AF0C-400C8856B138}.Release|x64.Build.0 = Release|Any CPU
		{6950AD9C-01C4-444C-AF0C-400C8856B138}.Release|x86.ActiveCfg = Release|Any CPU
		{6950AD9C-01C4-444C-AF0C-400C8856B138}.Release|x86.Build.0 = Release|Any CPU
		{0B819979-C2BE-48AF-BEA1-2482F3049582}.Debug|Any CPU.ActiveCfg = Debug|Any CPU
		{0B819979-C2BE-48AF-BEA1-2482F3049582}.Debug|Any CPU.Build.0 = Debug|Any CPU
		{0B819979-C2BE-48AF-BEA1-2482F3049582}.Debug|x64.ActiveCfg = Debug|Any CPU
		{0B819979-C2BE-48AF-BEA1-2482F3049582}.Debug|x64.Build.0 = Debug|Any CPU
		{0B819979-C2BE-48AF-BEA1-2482F3049582}.Debug|x86.ActiveCfg = Debug|Any CPU
		{0B819979-C2BE-48AF-BEA1-2482F3049582}.Debug|x86.Build.0 = Debug|Any CPU
		{0B819979-C2BE-48AF-BEA1-2482F3049582}.Release|Any CPU.ActiveCfg = Release|Any CPU
		{0B819979-C2BE-48AF-BEA1-2482F3049582}.Release|Any CPU.Build.0 = Release|Any CPU
		{0B819979-C2BE-48AF-BEA1-2482F3049582}.Release|x64.ActiveCfg = Release|Any CPU
		{0B819979-C2BE-48AF-BEA1-2482F3049582}.Release|x64.Build.0 = Release|Any CPU
		{0B819979-C2BE-48AF-BEA1-2482F3049582}.Release|x86.ActiveCfg = Release|Any CPU
		{0B819979-C2BE-48AF-BEA1-2482F3049582}.Release|x86.Build.0 = Release|Any CPU
		{4268153D-7C5E-4374-A44C-EC8CC83B7A4B}.Debug|Any CPU.ActiveCfg = Debug|Any CPU
		{4268153D-7C5E-4374-A44C-EC8CC83B7A4B}.Debug|Any CPU.Build.0 = Debug|Any CPU
		{4268153D-7C5E-4374-A44C-EC8CC83B7A4B}.Debug|x64.ActiveCfg = Debug|Any CPU
		{4268153D-7C5E-4374-A44C-EC8CC83B7A4B}.Debug|x64.Build.0 = Debug|Any CPU
		{4268153D-7C5E-4374-A44C-EC8CC83B7A4B}.Debug|x86.ActiveCfg = Debug|Any CPU
		{4268153D-7C5E-4374-A44C-EC8CC83B7A4B}.Debug|x86.Build.0 = Debug|Any CPU
		{4268153D-7C5E-4374-A44C-EC8CC83B7A4B}.Release|Any CPU.ActiveCfg = Release|Any CPU
		{4268153D-7C5E-4374-A44C-EC8CC83B7A4B}.Release|Any CPU.Build.0 = Release|Any CPU
		{4268153D-7C5E-4374-A44C-EC8CC83B7A4B}.Release|x64.ActiveCfg = Release|Any CPU
		{4268153D-7C5E-4374-A44C-EC8CC83B7A4B}.Release|x64.Build.0 = Release|Any CPU
		{4268153D-7C5E-4374-A44C-EC8CC83B7A4B}.Release|x86.ActiveCfg = Release|Any CPU
		{4268153D-7C5E-4374-A44C-EC8CC83B7A4B}.Release|x86.Build.0 = Release|Any CPU
	EndGlobalSection
	GlobalSection(SolutionProperties) = preSolution
		HideSolutionNode = FALSE
	EndGlobalSection
	GlobalSection(NestedProjects) = preSolution
		{6950AD9C-01C4-444C-AF0C-400C8856B138} = {827E0CD3-B72D-47B6-A68D-7590B98EB39B}
		{0B819979-C2BE-48AF-BEA1-2482F3049582} = {827E0CD3-B72D-47B6-A68D-7590B98EB39B}
		{4268153D-7C5E-4374-A44C-EC8CC83B7A4B} = {0AB3BF05-4346-4AA6-1389-037BE0695223}
	EndGlobalSection
EndGlobal
